
Microsoft Visual Studio Solution File, Format Version 12.00
# Visual Studio Version 17
VisualStudioVersion = 17.13.35825.156
MinimumVisualStudioVersion = 10.0.40219.1
Project("{FAE04EC0-301F-11D3-BF4B-00C04F79EFBC}") = "TODOApplication", "TODOApplication.csproj", "{4607A746-A8DF-4C70-AF50-0334666AD00C}"
EndProject
Project("{FAE04EC0-301F-11D3-BF4B-00C04F79EFBC}") = "TODODataService", "..\TODODataService\TODODataService.csproj", "{2801F1D1-78FB-4D41-8C4B-267EBADE3C9F}"
EndProject
Project("{FAE04EC0-301F-11D3-BF4B-00C04F79EFBC}") = "TODOCommon", "..\TODOCommon\TODOCommon.csproj", "{7542D577-2AA2-4919-AB52-19B944A0C00C}"
EndProject
Project("{FAE04EC0-301F-11D3-BF4B-00C04F79EFBC}") = "TODOTransactionServices", "..\TODOTransactionServices\TODOTransactionServices.csproj", "{8E173123-6A78-428D-A740-DDD75A8E5EFA}"
EndProject
Global
	GlobalSection(SolutionConfigurationPlatforms) = preSolution
		Debug|Any CPU = Debug|Any CPU
		Release|Any CPU = Release|Any CPU
	EndGlobalSection
	GlobalSection(ProjectConfigurationPlatforms) = postSolution
		{4607A746-A8DF-4C70-AF50-0334666AD00C}.Debug|Any CPU.ActiveCfg = Debug|Any CPU
		{4607A746-A8DF-4C70-AF50-0334666AD00C}.Debug|Any CPU.Build.0 = Debug|Any CPU
		{4607A746-A8DF-4C70-AF50-0334666AD00C}.Release|Any CPU.ActiveCfg = Release|Any CPU
		{4607A746-A8DF-4C70-AF50-0334666AD00C}.Release|Any CPU.Build.0 = Release|Any CPU
		{2801F1D1-78FB-4D41-8C4B-267EBADE3C9F}.Debug|Any CPU.ActiveCfg = Debug|Any CPU
		{2801F1D1-78FB-4D41-8C4B-267EBADE3C9F}.Debug|Any CPU.Build.0 = Debug|Any CPU
		{2801F1D1-78FB-4D41-8C4B-267EBADE3C9F}.Release|Any CPU.ActiveCfg = Release|Any CPU
		{2801F1D1-78FB-4D41-8C4B-267EBADE3C9F}.Release|Any CPU.Build.0 = Release|Any CPU
		{7542D577-2AA2-4919-AB52-19B944A0C00C}.Debug|Any CPU.ActiveCfg = Debug|Any CPU
		{7542D577-2AA2-4919-AB52-19B944A0C00C}.Debug|Any CPU.Build.0 = Debug|Any CPU
		{7542D577-2AA2-4919-AB52-19B944A0C00C}.Release|Any CPU.ActiveCfg = Release|Any CPU
		{7542D577-2AA2-4919-AB52-19B944A0C00C}.Release|Any CPU.Build.0 = Release|Any CPU
		{8E173123-6A78-428D-A740-DDD75A8E5EFA}.Debug|Any CPU.ActiveCfg = Debug|Any CPU
		{8E173123-6A78-428D-A740-DDD75A8E5EFA}.Debug|Any CPU.Build.0 = Debug|Any CPU
		{8E173123-6A78-428D-A740-DDD75A8E5EFA}.Release|Any CPU.ActiveCfg = Release|Any CPU
		{8E173123-6A78-428D-A740-DDD75A8E5EFA}.Release|Any CPU.Build.0 = Release|Any CPU
	EndGlobalSection
	GlobalSection(SolutionProperties) = preSolution
		HideSolutionNode = FALSE
	EndGlobalSection
	GlobalSection(ExtensibilityGlobals) = postSolution
		SolutionGuid = {01088750-C554-446F-B811-FFE449813567}
	EndGlobalSection
EndGlobal
